// !$*UTF8*$!
{
	archiveVersion = 1;
	classes = {
	};
	objectVersion = 56;
	objects = {

/* Begin PBXBuildFile section */
		BD5A9BF728E623E6003ADBFC /* WordList.swift in Sources */ = {isa = PBXBuildFile; fileRef = BD5A9BF628E623E6003ADBFC /* WordList.swift */; };
		BD64944928E21BBF00828AC7 /* NerdleApp.swift in Sources */ = {isa = PBXBuildFile; fileRef = BD64944828E21BBF00828AC7 /* NerdleApp.swift */; };
		BD64944B28E21BBF00828AC7 /* GameView.swift in Sources */ = {isa = PBXBuildFile; fileRef = BD64944A28E21BBF00828AC7 /* GameView.swift */; };
		BD64944D28E21BC400828AC7 /* Assets.xcassets in Resources */ = {isa = PBXBuildFile; fileRef = BD64944C28E21BC400828AC7 /* Assets.xcassets */; };
		BD64945028E21BC400828AC7 /* Preview Assets.xcassets in Resources */ = {isa = PBXBuildFile; fileRef = BD64944F28E21BC400828AC7 /* Preview Assets.xcassets */; };
		BD65007528E229DA00408A4B /* Color+Extension.swift in Sources */ = {isa = PBXBuildFile; fileRef = BD65007428E229DA00408A4B /* Color+Extension.swift */; };
		BD65007928E22ABC00408A4B /* Guess.swift in Sources */ = {isa = PBXBuildFile; fileRef = BD65007828E22ABC00408A4B /* Guess.swift */; };
		BD65007B28E22BA600408A4B /* GuessView.swift in Sources */ = {isa = PBXBuildFile; fileRef = BD65007A28E22BA600408A4B /* GuessView.swift */; };
		BD65007E28E22D0100408A4B /* NerdleDataModel.swift in Sources */ = {isa = PBXBuildFile; fileRef = BD65007D28E22D0100408A4B /* NerdleDataModel.swift */; };
		BD65008028E2323F00408A4B /* MainView.swift in Sources */ = {isa = PBXBuildFile; fileRef = BD65007F28E2323F00408A4B /* MainView.swift */; };
		BD65008228E2361D00408A4B /* SettingsView.swift in Sources */ = {isa = PBXBuildFile; fileRef = BD65008128E2361D00408A4B /* SettingsView.swift */; };
		BD65008828E37A8F00408A4B /* HelpView.swift in Sources */ = {isa = PBXBuildFile; fileRef = BD65008728E37A8F00408A4B /* HelpView.swift */; };
		BD65008A28E37AAB00408A4B /* StatsView.swift in Sources */ = {isa = PBXBuildFile; fileRef = BD65008928E37AAB00408A4B /* StatsView.swift */; };
		BD65008E28E384E000408A4B /* KeyboardKeyView.swift in Sources */ = {isa = PBXBuildFile; fileRef = BD65008D28E384E000408A4B /* KeyboardKeyView.swift */; };
		BD65009028E38B6B00408A4B /* KeyboardKey.swift in Sources */ = {isa = PBXBuildFile; fileRef = BD65008F28E38B6B00408A4B /* KeyboardKey.swift */; };
		BD65009428E39AE000408A4B /* KeyboardView.swift in Sources */ = {isa = PBXBuildFile; fileRef = BD65009328E39AE000408A4B /* KeyboardView.swift */; };
		BDA286AD28EB7AC30042C1D1 /* LetterView.swift in Sources */ = {isa = PBXBuildFile; fileRef = BDA286AC28EB7AC30042C1D1 /* LetterView.swift */; };
		BDA286AF28ECC3120042C1D1 /* AlertView.swift in Sources */ = {isa = PBXBuildFile; fileRef = BDA286AE28ECC3120042C1D1 /* AlertView.swift */; };
		BDA286B128ECC9B50042C1D1 /* Stats.swift in Sources */ = {isa = PBXBuildFile; fileRef = BDA286B028ECC9B50042C1D1 /* Stats.swift */; };
		BDA286B528EE0EDA0042C1D1 /* StatsGraphView.swift in Sources */ = {isa = PBXBuildFile; fileRef = BDA286B428EE0EDA0042C1D1 /* StatsGraphView.swift */; };
		BDD1ADFC28E760BC0050BA9F /* Shake.swift in Sources */ = {isa = PBXBuildFile; fileRef = BDD1ADFB28E760BC0050BA9F /* Shake.swift */; };
/* End PBXBuildFile section */

/* Begin PBXFileReference section */
		BD5A9BF628E623E6003ADBFC /* WordList.swift */ = {isa = PBXFileReference; lastKnownFileType = sourcecode.swift; path = WordList.swift; sourceTree = "<group>"; };
		BD64944528E21BBF00828AC7 /* Nerdle.app */ = {isa = PBXFileReference; explicitFileType = wrapper.application; includeInIndex = 0; path = Nerdle.app; sourceTree = BUILT_PRODUCTS_DIR; };
		BD64944828E21BBF00828AC7 /* NerdleApp.swift */ = {isa = PBXFileReference; lastKnownFileType = sourcecode.swift; path = NerdleApp.swift; sourceTree = "<group>"; };
		BD64944A28E21BBF00828AC7 /* GameView.swift */ = {isa = PBXFileReference; lastKnownFileType = sourcecode.swift; path = GameView.swift; sourceTree = "<group>"; };
		BD64944C28E21BC400828AC7 /* Assets.xcassets */ = {isa = PBXFileReference; lastKnownFileType = folder.assetcatalog; path = Assets.xcassets; sourceTree = "<group>"; };
		BD64944F28E21BC400828AC7 /* Preview Assets.xcassets */ = {isa = PBXFileReference; lastKnownFileType = folder.assetcatalog; path = "Preview Assets.xcassets"; sourceTree = "<group>"; };
		BD64945D28E2238200828AC7 /* Info.plist */ = {isa = PBXFileReference; lastKnownFileType = text.plist.xml; path = Info.plist; sourceTree = "<group>"; };
		BD65007428E229DA00408A4B /* Color+Extension.swift */ = {isa = PBXFileReference; lastKnownFileType = sourcecode.swift; path = "Color+Extension.swift"; sourceTree = "<group>"; };
		BD65007828E22ABC00408A4B /* Guess.swift */ = {isa = PBXFileReference; lastKnownFileType = sourcecode.swift; path = Guess.swift; sourceTree = "<group>"; };
		BD65007A28E22BA600408A4B /* GuessView.swift */ = {isa = PBXFileReference; lastKnownFileType = sourcecode.swift; path = GuessView.swift; sourceTree = "<group>"; };
		BD65007D28E22D0100408A4B /* NerdleDataModel.swift */ = {isa = PBXFileReference; lastKnownFileType = sourcecode.swift; path = NerdleDataModel.swift; sourceTree = "<group>"; };
		BD65007F28E2323F00408A4B /* MainView.swift */ = {isa = PBXFileReference; lastKnownFileType = sourcecode.swift; path = MainView.swift; sourceTree = "<group>"; };
		BD65008128E2361D00408A4B /* SettingsView.swift */ = {isa = PBXFileReference; lastKnownFileType = sourcecode.swift; path = SettingsView.swift; sourceTree = "<group>"; };
		BD65008728E37A8F00408A4B /* HelpView.swift */ = {isa = PBXFileReference; lastKnownFileType = sourcecode.swift; path = HelpView.swift; sourceTree = "<group>"; };
		BD65008928E37AAB00408A4B /* StatsView.swift */ = {isa = PBXFileReference; lastKnownFileType = sourcecode.swift; path = StatsView.swift; sourceTree = "<group>"; };
		BD65008D28E384E000408A4B /* KeyboardKeyView.swift */ = {isa = PBXFileReference; lastKnownFileType = sourcecode.swift; path = KeyboardKeyView.swift; sourceTree = "<group>"; };
		BD65008F28E38B6B00408A4B /* KeyboardKey.swift */ = {isa = PBXFileReference; lastKnownFileType = sourcecode.swift; path = KeyboardKey.swift; sourceTree = "<group>"; };
		BD65009328E39AE000408A4B /* KeyboardView.swift */ = {isa = PBXFileReference; lastKnownFileType = sourcecode.swift; path = KeyboardView.swift; sourceTree = "<group>"; };
		BDA286AC28EB7AC30042C1D1 /* LetterView.swift */ = {isa = PBXFileReference; lastKnownFileType = sourcecode.swift; path = LetterView.swift; sourceTree = "<group>"; };
		BDA286AE28ECC3120042C1D1 /* AlertView.swift */ = {isa = PBXFileReference; lastKnownFileType = sourcecode.swift; path = AlertView.swift; sourceTree = "<group>"; };
		BDA286B028ECC9B50042C1D1 /* Stats.swift */ = {isa = PBXFileReference; lastKnownFileType = sourcecode.swift; path = Stats.swift; sourceTree = "<group>"; };
		BDA286B428EE0EDA0042C1D1 /* StatsGraphView.swift */ = {isa = PBXFileReference; lastKnownFileType = sourcecode.swift; path = StatsGraphView.swift; sourceTree = "<group>"; };
		BDD1ADFB28E760BC0050BA9F /* Shake.swift */ = {isa = PBXFileReference; lastKnownFileType = sourcecode.swift; path = Shake.swift; sourceTree = "<group>"; };
/* End PBXFileReference section */

/* Begin PBXFrameworksBuildPhase section */
		BD64944228E21BBF00828AC7 /* Frameworks */ = {
			isa = PBXFrameworksBuildPhase;
			buildActionMask = 2147483647;
			files = (
			);
			runOnlyForDeploymentPostprocessing = 0;
		};
/* End PBXFrameworksBuildPhase section */

/* Begin PBXGroup section */
		BD5A9BF528E623AC003ADBFC /* Data */ = {
			isa = PBXGroup;
			children = (
				BD5A9BF628E623E6003ADBFC /* WordList.swift */,
			);
			path = Data;
			sourceTree = "<group>";
		};
		BD64943C28E21BBE00828AC7 = {
			isa = PBXGroup;
			children = (
				BD64944728E21BBF00828AC7 /* Nerdle */,
				BD64944628E21BBF00828AC7 /* Products */,
			);
			sourceTree = "<group>";
		};
		BD64944628E21BBF00828AC7 /* Products */ = {
			isa = PBXGroup;
			children = (
				BD64944528E21BBF00828AC7 /* Nerdle.app */,
			);
			name = Products;
			sourceTree = "<group>";
		};
		BD64944728E21BBF00828AC7 /* Nerdle */ = {
			isa = PBXGroup;
			children = (
				BD64944828E21BBF00828AC7 /* NerdleApp.swift */,
				BD65007628E22A9B00408A4B /* Models */,
				BD65007728E22AA200408A4B /* Views */,
				BD65007C28E22CD500408A4B /* View Models */,
				BD65007328E229BA00408A4B /* Extensions */,
				BD5A9BF528E623AC003ADBFC /* Data */,
				BDD1ADFA28E760840050BA9F /* Animations */,
				BD64945D28E2238200828AC7 /* Info.plist */,
				BD64944C28E21BC400828AC7 /* Assets.xcassets */,
				BD64944E28E21BC400828AC7 /* Preview Content */,
			);
			path = Nerdle;
			sourceTree = "<group>";
		};
		BD64944E28E21BC400828AC7 /* Preview Content */ = {
			isa = PBXGroup;
			children = (
				BD64944F28E21BC400828AC7 /* Preview Assets.xcassets */,
			);
			path = "Preview Content";
			sourceTree = "<group>";
		};
		BD65007328E229BA00408A4B /* Extensions */ = {
			isa = PBXGroup;
			children = (
				BD65007428E229DA00408A4B /* Color+Extension.swift */,
			);
			path = Extensions;
			sourceTree = "<group>";
		};
		BD65007628E22A9B00408A4B /* Models */ = {
			isa = PBXGroup;
			children = (
				BD65007828E22ABC00408A4B /* Guess.swift */,
				BD65008F28E38B6B00408A4B /* KeyboardKey.swift */,
				BDA286B028ECC9B50042C1D1 /* Stats.swift */,
			);
			path = Models;
			sourceTree = "<group>";
		};
		BD65007728E22AA200408A4B /* Views */ = {
			isa = PBXGroup;
			children = (
				BD65007F28E2323F00408A4B /* MainView.swift */,
				BD64944A28E21BBF00828AC7 /* GameView.swift */,
				BD65007A28E22BA600408A4B /* GuessView.swift */,
				BDA286AC28EB7AC30042C1D1 /* LetterView.swift */,
				BD65009328E39AE000408A4B /* KeyboardView.swift */,
				BD65008D28E384E000408A4B /* KeyboardKeyView.swift */,
				BD65008128E2361D00408A4B /* SettingsView.swift */,
				BD65008728E37A8F00408A4B /* HelpView.swift */,
				BD65008928E37AAB00408A4B /* StatsView.swift */,
				BDA286AE28ECC3120042C1D1 /* AlertView.swift */,
				BDA286B428EE0EDA0042C1D1 /* StatsGraphView.swift */,
			);
			path = Views;
			sourceTree = "<group>";
		};
		BD65007C28E22CD500408A4B /* View Models */ = {
			isa = PBXGroup;
			children = (
				BD65007D28E22D0100408A4B /* NerdleDataModel.swift */,
			);
			path = "View Models";
			sourceTree = "<group>";
		};
		BDD1ADFA28E760840050BA9F /* Animations */ = {
			isa = PBXGroup;
			children = (
				BDD1ADFB28E760BC0050BA9F /* Shake.swift */,
			);
			path = Animations;
			sourceTree = "<group>";
		};
/* End PBXGroup section */

/* Begin PBXNativeTarget section */
		BD64944428E21BBF00828AC7 /* Nerdle */ = {
			isa = PBXNativeTarget;
			buildConfigurationList = BD64945328E21BC400828AC7 /* Build configuration list for PBXNativeTarget "Nerdle" */;
			buildPhases = (
				BD64944128E21BBF00828AC7 /* Sources */,
				BD64944228E21BBF00828AC7 /* Frameworks */,
				BD64944328E21BBF00828AC7 /* Resources */,
			);
			buildRules = (
			);
			dependencies = (
			);
			name = Nerdle;
			productName = Nerdle;
			productReference = BD64944528E21BBF00828AC7 /* Nerdle.app */;
			productType = "com.apple.product-type.application";
		};
/* End PBXNativeTarget section */

/* Begin PBXProject section */
		BD64943D28E21BBF00828AC7 /* Project object */ = {
			isa = PBXProject;
			attributes = {
				BuildIndependentTargetsInParallel = 1;
				LastSwiftUpdateCheck = 1400;
				LastUpgradeCheck = 1400;
				TargetAttributes = {
					BD64944428E21BBF00828AC7 = {
						CreatedOnToolsVersion = 14.0;
					};
				};
			};
			buildConfigurationList = BD64944028E21BBF00828AC7 /* Build configuration list for PBXProject "Nerdle" */;
			compatibilityVersion = "Xcode 14.0";
			developmentRegion = en;
			hasScannedForEncodings = 0;
			knownRegions = (
				en,
				Base,
			);
			mainGroup = BD64943C28E21BBE00828AC7;
			productRefGroup = BD64944628E21BBF00828AC7 /* Products */;
			projectDirPath = "";
			projectRoot = "";
			targets = (
				BD64944428E21BBF00828AC7 /* Nerdle */,
			);
		};
/* End PBXProject section */

/* Begin PBXResourcesBuildPhase section */
		BD64944328E21BBF00828AC7 /* Resources */ = {
			isa = PBXResourcesBuildPhase;
			buildActionMask = 2147483647;
			files = (
				BD64945028E21BC400828AC7 /* Preview Assets.xcassets in Resources */,
				BD64944D28E21BC400828AC7 /* Assets.xcassets in Resources */,
			);
			runOnlyForDeploymentPostprocessing = 0;
		};
/* End PBXResourcesBuildPhase section */

/* Begin PBXSourcesBuildPhase section */
		BD64944128E21BBF00828AC7 /* Sources */ = {
			isa = PBXSourcesBuildPhase;
			buildActionMask = 2147483647;
			files = (
				BD65008A28E37AAB00408A4B /* StatsView.swift in Sources */,
				BDA286B128ECC9B50042C1D1 /* Stats.swift in Sources */,
				BD5A9BF728E623E6003ADBFC /* WordList.swift in Sources */,
				BD64944B28E21BBF00828AC7 /* GameView.swift in Sources */,
				BD65008228E2361D00408A4B /* SettingsView.swift in Sources */,
				BD65009428E39AE000408A4B /* KeyboardView.swift in Sources */,
				BD65009028E38B6B00408A4B /* KeyboardKey.swift in Sources */,
				BDA286AD28EB7AC30042C1D1 /* LetterView.swift in Sources */,
				BDA286B528EE0EDA0042C1D1 /* StatsGraphView.swift in Sources */,
				BD65008028E2323F00408A4B /* MainView.swift in Sources */,
				BD65008828E37A8F00408A4B /* HelpView.swift in Sources */,
				BD65007B28E22BA600408A4B /* GuessView.swift in Sources */,
				BD65007928E22ABC00408A4B /* Guess.swift in Sources */,
				BD65007E28E22D0100408A4B /* NerdleDataModel.swift in Sources */,
				BDD1ADFC28E760BC0050BA9F /* Shake.swift in Sources */,
				BD65007528E229DA00408A4B /* Color+Extension.swift in Sources */,
				BD64944928E21BBF00828AC7 /* NerdleApp.swift in Sources */,
				BD65008E28E384E000408A4B /* KeyboardKeyView.swift in Sources */,
				BDA286AF28ECC3120042C1D1 /* AlertView.swift in Sources */,
			);
			runOnlyForDeploymentPostprocessing = 0;
		};
/* End PBXSourcesBuildPhase section */

/* Begin XCBuildConfiguration section */
		BD64945128E21BC400828AC7 /* Debug */ = {
			isa = XCBuildConfiguration;
			buildSettings = {
				ALWAYS_SEARCH_USER_PATHS = NO;
				CLANG_ANALYZER_NONNULL = YES;
				CLANG_ANALYZER_NUMBER_OBJECT_CONVERSION = YES_AGGRESSIVE;
				CLANG_CXX_LANGUAGE_STANDARD = "gnu++20";
				CLANG_ENABLE_MODULES = YES;
				CLANG_ENABLE_OBJC_ARC = YES;
				CLANG_ENABLE_OBJC_WEAK = YES;
				CLANG_WARN_BLOCK_CAPTURE_AUTORELEASING = YES;
				CLANG_WARN_BOOL_CONVERSION = YES;
				CLANG_WARN_COMMA = YES;
				CLANG_WARN_CONSTANT_CONVERSION = YES;
				CLANG_WARN_DEPRECATED_OBJC_IMPLEMENTATIONS = YES;
				CLANG_WARN_DIRECT_OBJC_ISA_USAGE = YES_ERROR;
				CLANG_WARN_DOCUMENTATION_COMMENTS = YES;
				CLANG_WARN_EMPTY_BODY = YES;
				CLANG_WARN_ENUM_CONVERSION = YES;
				CLANG_WARN_INFINITE_RECURSION = YES;
				CLANG_WARN_INT_CONVERSION = YES;
				CLANG_WARN_NON_LITERAL_NULL_CONVERSION = YES;
				CLANG_WARN_OBJC_IMPLICIT_RETAIN_SELF = YES;
				CLANG_WARN_OBJC_LITERAL_CONVERSION = YES;
				CLANG_WARN_OBJC_ROOT_CLASS = YES_ERROR;
				CLANG_WARN_QUOTED_INCLUDE_IN_FRAMEWORK_HEADER = YES;
				CLANG_WARN_RANGE_LOOP_ANALYSIS = YES;
				CLANG_WARN_STRICT_PROTOTYPES = YES;
				CLANG_WARN_SUSPICIOUS_MOVE = YES;
				CLANG_WARN_UNGUARDED_AVAILABILITY = YES_AGGRESSIVE;
				CLANG_WARN_UNREACHABLE_CODE = YES;
				CLANG_WARN__DUPLICATE_METHOD_MATCH = YES;
				COPY_PHASE_STRIP = NO;
				DEBUG_INFORMATION_FORMAT = dwarf;
				ENABLE_STRICT_OBJC_MSGSEND = YES;
				ENABLE_TESTABILITY = YES;
				GCC_C_LANGUAGE_STANDARD = gnu11;
				GCC_DYNAMIC_NO_PIC = NO;
				GCC_NO_COMMON_BLOCKS = YES;
				GCC_OPTIMIZATION_LEVEL = 0;
				GCC_PREPROCESSOR_DEFINITIONS = (
					"DEBUG=1",
					"$(inherited)",
				);
				GCC_WARN_64_TO_32_BIT_CONVERSION = YES;
				GCC_WARN_ABOUT_RETURN_TYPE = YES_ERROR;
				GCC_WARN_UNDECLARED_SELECTOR = YES;
				GCC_WARN_UNINITIALIZED_AUTOS = YES_AGGRESSIVE;
				GCC_WARN_UNUSED_FUNCTION = YES;
				GCC_WARN_UNUSED_VARIABLE = YES;
				IPHONEOS_DEPLOYMENT_TARGET = 16.0;
				MTL_ENABLE_DEBUG_INFO = INCLUDE_SOURCE;
				MTL_FAST_MATH = YES;
				ONLY_ACTIVE_ARCH = YES;
				SDKROOT = iphoneos;
				SWIFT_ACTIVE_COMPILATION_CONDITIONS = DEBUG;
				SWIFT_OPTIMIZATION_LEVEL = "-Onone";
			};
			name = Debug;
		};
		BD64945228E21BC400828AC7 /* Release */ = {
			isa = XCBuildConfiguration;
			buildSettings = {
				ALWAYS_SEARCH_USER_PATHS = NO;
				CLANG_ANALYZER_NONNULL = YES;
				CLANG_ANALYZER_NUMBER_OBJECT_CONVERSION = YES_AGGRESSIVE;
				CLANG_CXX_LANGUAGE_STANDARD = "gnu++20";
				CLANG_ENABLE_MODULES = YES;
				CLANG_ENABLE_OBJC_ARC = YES;
				CLANG_ENABLE_OBJC_WEAK = YES;
				CLANG_WARN_BLOCK_CAPTURE_AUTORELEASING = YES;
				CLANG_WARN_BOOL_CONVERSION = YES;
				CLANG_WARN_COMMA = YES;
				CLANG_WARN_CONSTANT_CONVERSION = YES;
				CLANG_WARN_DEPRECATED_OBJC_IMPLEMENTATIONS = YES;
				CLANG_WARN_DIRECT_OBJC_ISA_USAGE = YES_ERROR;
				CLANG_WARN_DOCUMENTATION_COMMENTS = YES;
				CLANG_WARN_EMPTY_BODY = YES;
				CLANG_WARN_ENUM_CONVERSION = YES;
				CLANG_WARN_INFINITE_RECURSION = YES;
				CLANG_WARN_INT_CONVERSION = YES;
				CLANG_WARN_NON_LITERAL_NULL_CONVERSION = YES;
				CLANG_WARN_OBJC_IMPLICIT_RETAIN_SELF = YES;
				CLANG_WARN_OBJC_LITERAL_CONVERSION = YES;
				CLANG_WARN_OBJC_ROOT_CLASS = YES_ERROR;
				CLANG_WARN_QUOTED_INCLUDE_IN_FRAMEWORK_HEADER = YES;
				CLANG_WARN_RANGE_LOOP_ANALYSIS = YES;
				CLANG_WARN_STRICT_PROTOTYPES = YES;
				CLANG_WARN_SUSPICIOUS_MOVE = YES;
				CLANG_WARN_UNGUARDED_AVAILABILITY = YES_AGGRESSIVE;
				CLANG_WARN_UNREACHABLE_CODE = YES;
				CLANG_WARN__DUPLICATE_METHOD_MATCH = YES;
				COPY_PHASE_STRIP = NO;
				DEBUG_INFORMATION_FORMAT = "dwarf-with-dsym";
				ENABLE_NS_ASSERTIONS = NO;
				ENABLE_STRICT_OBJC_MSGSEND = YES;
				GCC_C_LANGUAGE_STANDARD = gnu11;
				GCC_NO_COMMON_BLOCKS = YES;
				GCC_WARN_64_TO_32_BIT_CONVERSION = YES;
				GCC_WARN_ABOUT_RETURN_TYPE = YES_ERROR;
				GCC_WARN_UNDECLARED_SELECTOR = YES;
				GCC_WARN_UNINITIALIZED_AUTOS = YES_AGGRESSIVE;
				GCC_WARN_UNUSED_FUNCTION = YES;
				GCC_WARN_UNUSED_VARIABLE = YES;
				IPHONEOS_DEPLOYMENT_TARGET = 16.0;
				MTL_ENABLE_DEBUG_INFO = NO;
				MTL_FAST_MATH = YES;
				SDKROOT = iphoneos;
				SWIFT_COMPILATION_MODE = wholemodule;
				SWIFT_OPTIMIZATION_LEVEL = "-O";
				VALIDATE_PRODUCT = YES;
			};
			name = Release;
		};
		BD64945428E21BC400828AC7 /* Debug */ = {
			isa = XCBuildConfiguration;
			buildSettings = {
				ASSETCATALOG_COMPILER_APPICON_NAME = AppIcon;
				ASSETCATALOG_COMPILER_GLOBAL_ACCENT_COLOR_NAME = AccentColor;
				CODE_SIGN_STYLE = Automatic;
				CURRENT_PROJECT_VERSION = 1;
				DEVELOPMENT_ASSET_PATHS = "\"Nerdle/Preview Content\"";
				DEVELOPMENT_TEAM = 69U4Z7GZ3R;
				ENABLE_PREVIEWS = YES;
				GENERATE_INFOPLIST_FILE = YES;
				INFOPLIST_FILE = Nerdle/Info.plist;
				INFOPLIST_KEY_CFBundleDisplayName = Nerdle;
				INFOPLIST_KEY_LSApplicationCategoryType = "public.app-category.word-games";
				INFOPLIST_KEY_UIApplicationSceneManifest_Generation = YES;
				INFOPLIST_KEY_UIApplicationSupportsIndirectInputEvents = YES;
				INFOPLIST_KEY_UIRequiresFullScreen = YES;
				INFOPLIST_KEY_UISupportedInterfaceOrientations = "UIInterfaceOrientationPortrait UIInterfaceOrientationPortraitUpsideDown";
				LD_RUNPATH_SEARCH_PATHS = (
					"$(inherited)",
					"@executable_path/Frameworks",
				);
				MARKETING_VERSION = 1.0;
				PRODUCT_BUNDLE_IDENTIFIER = io.dtenglish.Nerdle;
				PRODUCT_NAME = "$(TARGET_NAME)";
				SWIFT_EMIT_LOC_STRINGS = YES;
				SWIFT_VERSION = 5.0;
				TARGETED_DEVICE_FAMILY = "1,2";
			};
			name = Debug;
		};
		BD64945528E21BC400828AC7 /* Release */ = {
			isa = XCBuildConfiguration;
			buildSettings = {
				ASSETCATALOG_COMPILER_APPICON_NAME = AppIcon;
				ASSETCATALOG_COMPILER_GLOBAL_ACCENT_COLOR_NAME = AccentColor;
				CODE_SIGN_STYLE = Automatic;
				CURRENT_PROJECT_VERSION = 1;
				DEVELOPMENT_ASSET_PATHS = "\"Nerdle/Preview Content\"";
				DEVELOPMENT_TEAM = 69U4Z7GZ3R;
				ENABLE_PREVIEWS = YES;
				GENERATE_INFOPLIST_FILE = YES;
				INFOPLIST_FILE = Nerdle/Info.plist;
				INFOPLIST_KEY_CFBundleDisplayName = Nerdle;
				INFOPLIST_KEY_LSApplicationCategoryType = "public.app-category.word-games";
				INFOPLIST_KEY_UIApplicationSceneManifest_Generation = YES;
				INFOPLIST_KEY_UIApplicationSupportsIndirectInputEvents = YES;
				INFOPLIST_KEY_UIRequiresFullScreen = YES;
				INFOPLIST_KEY_UISupportedInterfaceOrientations = "UIInterfaceOrientationPortrait UIInterfaceOrientationPortraitUpsideDown";
				LD_RUNPATH_SEARCH_PATHS = (
					"$(inherited)",
					"@executable_path/Frameworks",
				);
				MARKETING_VERSION = 1.0;
				PRODUCT_BUNDLE_IDENTIFIER = io.dtenglish.Nerdle;
				PRODUCT_NAME = "$(TARGET_NAME)";
				SWIFT_EMIT_LOC_STRINGS = YES;
				SWIFT_VERSION = 5.0;
				TARGETED_DEVICE_FAMILY = "1,2";
			};
			name = Release;
		};
/* End XCBuildConfiguration section */

/* Begin XCConfigurationList section */
		BD64944028E21BBF00828AC7 /* Build configuration list for PBXProject "Nerdle" */ = {
			isa = XCConfigurationList;
			buildConfigurations = (
				BD64945128E21BC400828AC7 /* Debug */,
				BD64945228E21BC400828AC7 /* Release */,
			);
			defaultConfigurationIsVisible = 0;
			defaultConfigurationName = Release;
		};
		BD64945328E21BC400828AC7 /* Build configuration list for PBXNativeTarget "Nerdle" */ = {
			isa = XCConfigurationList;
			buildConfigurations = (
				BD64945428E21BC400828AC7 /* Debug */,
				BD64945528E21BC400828AC7 /* Release */,
			);
			defaultConfigurationIsVisible = 0;
			defaultConfigurationName = Release;
		};
/* End XCConfigurationList section */
	};
	rootObject = BD64943D28E21BBF00828AC7 /* Project object */;
}
